
Microsoft Visual Studio Solution File, Format Version 12.00
# Visual Studio Version 17
VisualStudioVersion = 17.2.32616.157
MinimumVisualStudioVersion = 10.0.40219.1
Project("{FAE04EC0-301F-11D3-BF4B-00C04F79EFBC}") = "AppPrevisaoTempo.Android", "AppPrevisaoTempo\AppPrevisaoTempo.Android\AppPrevisaoTempo.Android.csproj", "{2C685BAB-2CC3-4CCD-AFF4-19DBE38F87AE}"
EndProject
Project("{FAE04EC0-301F-11D3-BF4B-00C04F79EFBC}") = "AppPrevisaoTempo", "AppPrevisaoTempo\AppPrevisaoTempo\AppPrevisaoTempo.csproj", "{26DBC2D7-52DA-4C92-B3EF-962A79555284}"
EndProject
Global
	GlobalSection(SolutionConfigurationPlatforms) = preSolution
		Debug|Any CPU = Debug|Any CPU
		Release|Any CPU = Release|Any CPU
	EndGlobalSection
	GlobalSection(ProjectConfigurationPlatforms) = postSolution
		{2C685BAB-2CC3-4CCD-AFF4-19DBE38F87AE}.Debug|Any CPU.ActiveCfg = Debug|Any CPU
		{2C685BAB-2CC3-4CCD-AFF4-19DBE38F87AE}.Debug|Any CPU.Build.0 = Debug|Any CPU
		{2C685BAB-2CC3-4CCD-AFF4-19DBE38F87AE}.Debug|Any CPU.Deploy.0 = Debug|Any CPU
		{2C685BAB-2CC3-4CCD-AFF4-19DBE38F87AE}.Release|Any CPU.ActiveCfg = Release|Any CPU
		{2C685BAB-2CC3-4CCD-AFF4-19DBE38F87AE}.Release|Any CPU.Build.0 = Release|Any CPU
		{2C685BAB-2CC3-4CCD-AFF4-19DBE38F87AE}.Release|Any CPU.Deploy.0 = Release|Any CPU
		{26DBC2D7-52DA-4C92-B3EF-962A79555284}.Debug|Any CPU.ActiveCfg = Debug|Any CPU
		{26DBC2D7-52DA-4C92-B3EF-962A79555284}.Debug|Any CPU.Build.0 = Debug|Any CPU
		{26DBC2D7-52DA-4C92-B3EF-962A79555284}.Debug|Any CPU.Deploy.0 = Debug|Any CPU
		{26DBC2D7-52DA-4C92-B3EF-962A79555284}.Release|Any CPU.ActiveCfg = Release|Any CPU
		{26DBC2D7-52DA-4C92-B3EF-962A79555284}.Release|Any CPU.Build.0 = Release|Any CPU
		{26DBC2D7-52DA-4C92-B3EF-962A79555284}.Release|Any CPU.Deploy.0 = Release|Any CPU
	EndGlobalSection
	GlobalSection(SolutionProperties) = preSolution
		HideSolutionNode = FALSE
	EndGlobalSection
	GlobalSection(ExtensibilityGlobals) = postSolution
		SolutionGuid = {65293C14-7317-484C-A493-58E703250745}
	EndGlobalSection
EndGlobal
